
Microsoft Visual Studio Solution File, Format Version 12.00
Project("{FAE04EC0-301F-11D3-BF4B-00C04F79EFBC}") = "Banking.Api", "Banking.Api\Banking.Api.csproj", "{D20BC334-459C-4CDA-8975-4B4006318C12}"
EndProject
Project("{2150E333-8FDC-42A3-9474-1A3956D46DE8}") = "API", "API", "{434BC64F-86AE-43C4-AF74-5F0D6637403F}"
EndProject
Project("{2150E333-8FDC-42A3-9474-1A3956D46DE8}") = "DATA", "DATA", "{D15186FB-4DE0-4D6F-8DEB-70D7D2F1CC4B}"
EndProject
Project("{2150E333-8FDC-42A3-9474-1A3956D46DE8}") = "SERVICES", "SERVICES", "{7258A9A1-BA73-4818-ADF4-A272B5D24081}"
EndProject
Project("{FAE04EC0-301F-11D3-BF4B-00C04F79EFBC}") = "Banking.Data.Commons", "Banking.Data.Commons\Banking.Data.Commons.csproj", "{0B23C253-67D8-4C45-8AA5-CC2C84F79D97}"
EndProject
Project("{FAE04EC0-301F-11D3-BF4B-00C04F79EFBC}") = "Banking.Data", "Banking.Data\Banking.Data.csproj", "{495606C9-D276-409D-9EAD-B5DC4D78B960}"
EndProject
Project("{FAE04EC0-301F-11D3-BF4B-00C04F79EFBC}") = "Banking.Data.Repositories", "Banking.Data.Repositories\Banking.Data.Repositories.csproj", "{15D9FC80-D6F7-4F40-9F4A-AA2696CB9154}"
EndProject
Project("{FAE04EC0-301F-11D3-BF4B-00C04F79EFBC}") = "Banking.Services", "Banking.Services\Banking.Services.csproj", "{B70875A4-EADC-4585-BBFC-C10A4FE2823A}"
EndProject
Project("{FAE04EC0-301F-11D3-BF4B-00C04F79EFBC}") = "Banking.Data.Models", "Banking.Data.Models\Banking.Data.Models.csproj", "{9AE0E944-27B3-4782-83C1-F8A8374CAD74}"
EndProject
Project("{FAE04EC0-301F-11D3-BF4B-00C04F79EFBC}") = "Banking.Dto", "Banking.Dto\Banking.Dto.csproj", "{BE80DAAE-AAAF-4E13-8939-8531E50AB41C}"
EndProject
Global
	GlobalSection(SolutionConfigurationPlatforms) = preSolution
		Debug|Any CPU = Debug|Any CPU
		Release|Any CPU = Release|Any CPU
	EndGlobalSection
	GlobalSection(ProjectConfigurationPlatforms) = postSolution
		{D20BC334-459C-4CDA-8975-4B4006318C12}.Debug|Any CPU.ActiveCfg = Debug|Any CPU
		{D20BC334-459C-4CDA-8975-4B4006318C12}.Debug|Any CPU.Build.0 = Debug|Any CPU
		{D20BC334-459C-4CDA-8975-4B4006318C12}.Release|Any CPU.ActiveCfg = Release|Any CPU
		{D20BC334-459C-4CDA-8975-4B4006318C12}.Release|Any CPU.Build.0 = Release|Any CPU
		{0B23C253-67D8-4C45-8AA5-CC2C84F79D97}.Debug|Any CPU.ActiveCfg = Debug|Any CPU
		{0B23C253-67D8-4C45-8AA5-CC2C84F79D97}.Debug|Any CPU.Build.0 = Debug|Any CPU
		{0B23C253-67D8-4C45-8AA5-CC2C84F79D97}.Release|Any CPU.ActiveCfg = Release|Any CPU
		{0B23C253-67D8-4C45-8AA5-CC2C84F79D97}.Release|Any CPU.Build.0 = Release|Any CPU
		{495606C9-D276-409D-9EAD-B5DC4D78B960}.Debug|Any CPU.ActiveCfg = Debug|Any CPU
		{495606C9-D276-409D-9EAD-B5DC4D78B960}.Debug|Any CPU.Build.0 = Debug|Any CPU
		{495606C9-D276-409D-9EAD-B5DC4D78B960}.Release|Any CPU.ActiveCfg = Release|Any CPU
		{495606C9-D276-409D-9EAD-B5DC4D78B960}.Release|Any CPU.Build.0 = Release|Any CPU
		{15D9FC80-D6F7-4F40-9F4A-AA2696CB9154}.Debug|Any CPU.ActiveCfg = Debug|Any CPU
		{15D9FC80-D6F7-4F40-9F4A-AA2696CB9154}.Debug|Any CPU.Build.0 = Debug|Any CPU
		{15D9FC80-D6F7-4F40-9F4A-AA2696CB9154}.Release|Any CPU.ActiveCfg = Release|Any CPU
		{15D9FC80-D6F7-4F40-9F4A-AA2696CB9154}.Release|Any CPU.Build.0 = Release|Any CPU
		{B70875A4-EADC-4585-BBFC-C10A4FE2823A}.Debug|Any CPU.ActiveCfg = Debug|Any CPU
		{B70875A4-EADC-4585-BBFC-C10A4FE2823A}.Debug|Any CPU.Build.0 = Debug|Any CPU
		{B70875A4-EADC-4585-BBFC-C10A4FE2823A}.Release|Any CPU.ActiveCfg = Release|Any CPU
		{B70875A4-EADC-4585-BBFC-C10A4FE2823A}.Release|Any CPU.Build.0 = Release|Any CPU
		{9AE0E944-27B3-4782-83C1-F8A8374CAD74}.Debug|Any CPU.ActiveCfg = Debug|Any CPU
		{9AE0E944-27B3-4782-83C1-F8A8374CAD74}.Debug|Any CPU.Build.0 = Debug|Any CPU
		{9AE0E944-27B3-4782-83C1-F8A8374CAD74}.Release|Any CPU.ActiveCfg = Release|Any CPU
		{9AE0E944-27B3-4782-83C1-F8A8374CAD74}.Release|Any CPU.Build.0 = Release|Any CPU
		{BE80DAAE-AAAF-4E13-8939-8531E50AB41C}.Debug|Any CPU.ActiveCfg = Debug|Any CPU
		{BE80DAAE-AAAF-4E13-8939-8531E50AB41C}.Debug|Any CPU.Build.0 = Debug|Any CPU
		{BE80DAAE-AAAF-4E13-8939-8531E50AB41C}.Release|Any CPU.ActiveCfg = Release|Any CPU
		{BE80DAAE-AAAF-4E13-8939-8531E50AB41C}.Release|Any CPU.Build.0 = Release|Any CPU
	EndGlobalSection
	GlobalSection(NestedProjects) = preSolution
		{D20BC334-459C-4CDA-8975-4B4006318C12} = {434BC64F-86AE-43C4-AF74-5F0D6637403F}
		{0B23C253-67D8-4C45-8AA5-CC2C84F79D97} = {D15186FB-4DE0-4D6F-8DEB-70D7D2F1CC4B}
		{495606C9-D276-409D-9EAD-B5DC4D78B960} = {D15186FB-4DE0-4D6F-8DEB-70D7D2F1CC4B}
		{15D9FC80-D6F7-4F40-9F4A-AA2696CB9154} = {D15186FB-4DE0-4D6F-8DEB-70D7D2F1CC4B}
		{B70875A4-EADC-4585-BBFC-C10A4FE2823A} = {7258A9A1-BA73-4818-ADF4-A272B5D24081}
		{9AE0E944-27B3-4782-83C1-F8A8374CAD74} = {D15186FB-4DE0-4D6F-8DEB-70D7D2F1CC4B}
		{BE80DAAE-AAAF-4E13-8939-8531E50AB41C} = {434BC64F-86AE-43C4-AF74-5F0D6637403F}
	EndGlobalSection
EndGlobal
